
Microsoft Visual Studio Solution File, Format Version 12.00
# Visual Studio 15
VisualStudioVersion = 15.0.28307.1684
MinimumVisualStudioVersion = 10.0.40219.1
Project("{8BC9CEB8-8B4A-11D0-8D11-00A0C91BC942}") = "ebtsdl", "ebtsdl.vcxproj", "{855B6140-61D0-4337-ABAC-6AF3B19EB36F}"
EndProject
Global
	GlobalSection(SolutionConfigurationPlatforms) = preSolution
		Debug|x86 = Debug|x86
		Release|x86 = Release|x86
	EndGlobalSection
	GlobalSection(ProjectConfigurationPlatforms) = postSolution
		{855B6140-61D0-4337-ABAC-6AF3B19EB36F}.Debug|x86.ActiveCfg = Debug|Win32
		{855B6140-61D0-4337-ABAC-6AF3B19EB36F}.Debug|x86.Build.0 = Debug|Win32
		{855B6140-61D0-4337-ABAC-6AF3B19EB36F}.Release|x86.ActiveCfg = Release|Win32
		{855B6140-61D0-4337-ABAC-6AF3B19EB36F}.Release|x86.Build.0 = Release|Win32
	EndGlobalSection
	GlobalSection(SolutionProperties) = preSolution
		HideSolutionNode = FALSE
	EndGlobalSection
	GlobalSection(ExtensibilityGlobals) = postSolution
		SolutionGuid = {30A53E2F-F81A-415B-B898-FC1EEEC63359}
	EndGlobalSection
EndGlobal
